Microsoft Visual Studio Solution File, Format Version 12.00
# Visual Studio Version 17
VisualStudioVersion = 17.5.2.0
MinimumVisualStudioVersion = 10.0.40219.1
Project("{FAE04EC0-301F-11D3-BF4B-00C04F79EFBC}") = "Animal Kingdom", "Animal Kingdom.csproj", "{16BC6C14-669E-3AE1-7EEF-CE93A375711D}"
EndProject
Global
	GlobalSection(SolutionConfigurationPlatforms) = preSolution
		Debug|Any CPU = Debug|Any CPU
		Release|Any CPU = Release|Any CPU
	EndGlobalSection
	GlobalSection(ProjectConfigurationPlatforms) = postSolution
		{16BC6C14-669E-3AE1-7EEF-CE93A375711D}.Debug|Any CPU.ActiveCfg = Debug|Any CPU
		{16BC6C14-669E-3AE1-7EEF-CE93A375711D}.Debug|Any CPU.Build.0 = Debug|Any CPU
		{16BC6C14-669E-3AE1-7EEF-CE93A375711D}.Release|Any CPU.ActiveCfg = Release|Any CPU
		{16BC6C14-669E-3AE1-7EEF-CE93A375711D}.Release|Any CPU.Build.0 = Release|Any CPU
	EndGlobalSection
	GlobalSection(SolutionProperties) = preSolution
		HideSolutionNode = FALSE
	EndGlobalSection
	GlobalSection(ExtensibilityGlobals) = postSolution
		SolutionGuid = {B5F8E69D-F7E2-4E50-A807-14D441956273}
	EndGlobalSection
EndGlobal
